
Microsoft Visual Studio Solution File, Format Version 12.00
# Visual Studio Version 17
VisualStudioVersion = 17.9.34728.123
MinimumVisualStudioVersion = 10.0.40219.1
Project("{FAE04EC0-301F-11D3-BF4B-00C04F79EFBC}") = "AlarmSaati", "AlarmSaati\AlarmSaati.csproj", "{DD3C282B-6450-4E16-B7A5-8A3EAF1015EF}"
EndProject
Global
	GlobalSection(SolutionConfigurationPlatforms) = preSolution
		Debug|Any CPU = Debug|Any CPU
		Release|Any CPU = Release|Any CPU
	EndGlobalSection
	GlobalSection(ProjectConfigurationPlatforms) = postSolution
		{DD3C282B-6450-4E16-B7A5-8A3EAF1015EF}.Debug|Any CPU.ActiveCfg = Debug|Any CPU
		{DD3C282B-6450-4E16-B7A5-8A3EAF1015EF}.Debug|Any CPU.Build.0 = Debug|Any CPU
		{DD3C282B-6450-4E16-B7A5-8A3EAF1015EF}.Release|Any CPU.ActiveCfg = Release|Any CPU
		{DD3C282B-6450-4E16-B7A5-8A3EAF1015EF}.Release|Any CPU.Build.0 = Release|Any CPU
	EndGlobalSection
	GlobalSection(SolutionProperties) = preSolution
		HideSolutionNode = FALSE
	EndGlobalSection
	GlobalSection(ExtensibilityGlobals) = postSolution
		SolutionGuid = {08B0502D-97BF-490E-9E25-94ADBDEB22B8}
	EndGlobalSection
EndGlobal
